
Microsoft Visual Studio Solution File, Format Version 12.00
# Visual Studio Version 16
VisualStudioVersion = 16.0.30503.244
MinimumVisualStudioVersion = 10.0.40219.1
Project("{FAE04EC0-301F-11D3-BF4B-00C04F79EFBC}") = "OrdenarSeleccion", "LearnCsharp09EstructuraDatos\OrdenarSeleccion.csproj", "{7DDB2FF8-AF8B-4985-B05A-2309E92FBBF5}"
EndProject
Project("{2150E333-8FDC-42A3-9474-1A3956D46DE8}") = "Matrices", "Matrices", "{2BDB053B-D9AA-4CF4-B0D0-9F97FBC875D7}"
EndProject
Project("{2150E333-8FDC-42A3-9474-1A3956D46DE8}") = "MatrizUnidimensional", "MatrizUnidimensional", "{84AE803E-0858-4868-BDC7-8179335FA057}"
EndProject
Project("{2150E333-8FDC-42A3-9474-1A3956D46DE8}") = "MatrizMultiDimensional", "MatrizMultiDimensional", "{32EF704D-B2AF-4786-888B-A5E02979F87A}"
EndProject
Project("{2150E333-8FDC-42A3-9474-1A3956D46DE8}") = "MatrizDentada", "MatrizDentada", "{0BF3AF86-87D5-4E78-AA48-B9D2F186B7E1}"
EndProject
Project("{2150E333-8FDC-42A3-9474-1A3956D46DE8}") = "AlgoritmosClasificacion", "AlgoritmosClasificacion", "{2CD23A82-80CB-4B84-80C3-F8E8441E1661}"
EndProject
Project("{FAE04EC0-301F-11D3-BF4B-00C04F79EFBC}") = "OrdenarInsercion", "OrdenarInsercion\OrdenarInsercion.csproj", "{C1833E0B-BA4A-4636-B597-7929F72B2E3B}"
EndProject
Project("{2150E333-8FDC-42A3-9474-1A3956D46DE8}") = "ArrayList", "ArrayList", "{7C1EC71F-B71A-4E9E-A758-ACCE8A4C6B43}"
EndProject
Project("{FAE04EC0-301F-11D3-BF4B-00C04F79EFBC}") = "ArrayList", "ArrayList\ArrayList.csproj", "{19AD065A-259D-4A42-AB10-741A3132FDE0}"
EndProject
Project("{2150E333-8FDC-42A3-9474-1A3956D46DE8}") = "ListasGenericas", "ListasGenericas", "{543BE7C7-A222-496A-B176-3218F91A7E87}"
EndProject
Project("{FAE04EC0-301F-11D3-BF4B-00C04F79EFBC}") = "Listas", "Listas\Listas.csproj", "{F4BA652E-C20C-4719-B8C9-C7B73A3A0DB0}"
EndProject
Project("{2150E333-8FDC-42A3-9474-1A3956D46DE8}") = "SortedList", "SortedList", "{F0218970-5CAC-4ED4-8D07-26699F04D215}"
EndProject
Project("{FAE04EC0-301F-11D3-BF4B-00C04F79EFBC}") = "SortedList", "SortedList\SortedList.csproj", "{049083A2-F7EE-448C-8537-03AA62A8E717}"
EndProject
Project("{2150E333-8FDC-42A3-9474-1A3956D46DE8}") = "LinkedList", "LinkedList", "{4A659BA9-AE94-4A8D-89B2-43D15DC44721}"
EndProject
Project("{FAE04EC0-301F-11D3-BF4B-00C04F79EFBC}") = "LinkedList", "LinkedList\LinkedList.csproj", "{D23B0053-58B3-4B60-9DC4-8EBC09502170}"
EndProject
Project("{2150E333-8FDC-42A3-9474-1A3956D46DE8}") = "LinkedList1", "LinkedList1", "{EA073C8A-645C-4B6C-A58A-459102ECFBF4}"
EndProject
Project("{2150E333-8FDC-42A3-9474-1A3956D46DE8}") = "LinkedList2", "LinkedList2", "{27698A88-1FBE-4A98-BAB0-6889E3EE0DD9}"
EndProject
Global
	GlobalSection(SolutionConfigurationPlatforms) = preSolution
		Debug|Any CPU = Debug|Any CPU
		Release|Any CPU = Release|Any CPU
	EndGlobalSection
	GlobalSection(ProjectConfigurationPlatforms) = postSolution
		{7DDB2FF8-AF8B-4985-B05A-2309E92FBBF5}.Debug|Any CPU.ActiveCfg = Debug|Any CPU
		{7DDB2FF8-AF8B-4985-B05A-2309E92FBBF5}.Debug|Any CPU.Build.0 = Debug|Any CPU
		{7DDB2FF8-AF8B-4985-B05A-2309E92FBBF5}.Release|Any CPU.ActiveCfg = Release|Any CPU
		{7DDB2FF8-AF8B-4985-B05A-2309E92FBBF5}.Release|Any CPU.Build.0 = Release|Any CPU
		{C1833E0B-BA4A-4636-B597-7929F72B2E3B}.Debug|Any CPU.ActiveCfg = Debug|Any CPU
		{C1833E0B-BA4A-4636-B597-7929F72B2E3B}.Debug|Any CPU.Build.0 = Debug|Any CPU
		{C1833E0B-BA4A-4636-B597-7929F72B2E3B}.Release|Any CPU.ActiveCfg = Release|Any CPU
		{C1833E0B-BA4A-4636-B597-7929F72B2E3B}.Release|Any CPU.Build.0 = Release|Any CPU
		{19AD065A-259D-4A42-AB10-741A3132FDE0}.Debug|Any CPU.ActiveCfg = Debug|Any CPU
		{19AD065A-259D-4A42-AB10-741A3132FDE0}.Debug|Any CPU.Build.0 = Debug|Any CPU
		{19AD065A-259D-4A42-AB10-741A3132FDE0}.Release|Any CPU.ActiveCfg = Release|Any CPU
		{19AD065A-259D-4A42-AB10-741A3132FDE0}.Release|Any CPU.Build.0 = Release|Any CPU
		{F4BA652E-C20C-4719-B8C9-C7B73A3A0DB0}.Debug|Any CPU.ActiveCfg = Debug|Any CPU
		{F4BA652E-C20C-4719-B8C9-C7B73A3A0DB0}.Debug|Any CPU.Build.0 = Debug|Any CPU
		{F4BA652E-C20C-4719-B8C9-C7B73A3A0DB0}.Release|Any CPU.ActiveCfg = Release|Any CPU
		{F4BA652E-C20C-4719-B8C9-C7B73A3A0DB0}.Release|Any CPU.Build.0 = Release|Any CPU
		{049083A2-F7EE-448C-8537-03AA62A8E717}.Debug|Any CPU.ActiveCfg = Debug|Any CPU
		{049083A2-F7EE-448C-8537-03AA62A8E717}.Debug|Any CPU.Build.0 = Debug|Any CPU
		{049083A2-F7EE-448C-8537-03AA62A8E717}.Release|Any CPU.ActiveCfg = Release|Any CPU
		{049083A2-F7EE-448C-8537-03AA62A8E717}.Release|Any CPU.Build.0 = Release|Any CPU
		{D23B0053-58B3-4B60-9DC4-8EBC09502170}.Debug|Any CPU.ActiveCfg = Debug|Any CPU
		{D23B0053-58B3-4B60-9DC4-8EBC09502170}.Debug|Any CPU.Build.0 = Debug|Any CPU
		{D23B0053-58B3-4B60-9DC4-8EBC09502170}.Release|Any CPU.ActiveCfg = Release|Any CPU
		{D23B0053-58B3-4B60-9DC4-8EBC09502170}.Release|Any CPU.Build.0 = Release|Any CPU
	EndGlobalSection
	GlobalSection(SolutionProperties) = preSolution
		HideSolutionNode = FALSE
	EndGlobalSection
	GlobalSection(NestedProjects) = preSolution
		{7DDB2FF8-AF8B-4985-B05A-2309E92FBBF5} = {2CD23A82-80CB-4B84-80C3-F8E8441E1661}
		{84AE803E-0858-4868-BDC7-8179335FA057} = {2BDB053B-D9AA-4CF4-B0D0-9F97FBC875D7}
		{32EF704D-B2AF-4786-888B-A5E02979F87A} = {2BDB053B-D9AA-4CF4-B0D0-9F97FBC875D7}
		{0BF3AF86-87D5-4E78-AA48-B9D2F186B7E1} = {2BDB053B-D9AA-4CF4-B0D0-9F97FBC875D7}
		{2CD23A82-80CB-4B84-80C3-F8E8441E1661} = {2BDB053B-D9AA-4CF4-B0D0-9F97FBC875D7}
		{C1833E0B-BA4A-4636-B597-7929F72B2E3B} = {2CD23A82-80CB-4B84-80C3-F8E8441E1661}
		{19AD065A-259D-4A42-AB10-741A3132FDE0} = {7C1EC71F-B71A-4E9E-A758-ACCE8A4C6B43}
		{F4BA652E-C20C-4719-B8C9-C7B73A3A0DB0} = {543BE7C7-A222-496A-B176-3218F91A7E87}
		{049083A2-F7EE-448C-8537-03AA62A8E717} = {F0218970-5CAC-4ED4-8D07-26699F04D215}
		{D23B0053-58B3-4B60-9DC4-8EBC09502170} = {EA073C8A-645C-4B6C-A58A-459102ECFBF4}
		{EA073C8A-645C-4B6C-A58A-459102ECFBF4} = {4A659BA9-AE94-4A8D-89B2-43D15DC44721}
		{27698A88-1FBE-4A98-BAB0-6889E3EE0DD9} = {4A659BA9-AE94-4A8D-89B2-43D15DC44721}
	EndGlobalSection
	GlobalSection(ExtensibilityGlobals) = postSolution
		SolutionGuid = {CCD1BAE2-DB40-489C-AA00-F2CAE84493B5}
	EndGlobalSection
EndGlobal
